# THIS IS AN AUTOGENERATED FILE. DO NOT EDIT THIS FILE DIRECTLY.
# yarn lockfile v1


"@vercel/analytics@^0.1.11":
  version "0.1.11"
  resolved "https://registry.yarnpkg.com/@vercel/analytics/-/analytics-0.1.11.tgz#727a0ac655a4a89104cdea3e6925476470299428"
  integrity sha512-mj5CPR02y0BRs1tN3oZcBNAX9a8NxsIUl9vElDPcqxnMfP0RbRc9fI9Ud7+QDg/1Izvt5uMumsr+6YsmVHcyuw==
